
Microsoft Visual Studio Solution File, Format Version 12.00
# Visual Studio Version 17
VisualStudioVersion = 17.5.33502.453
MinimumVisualStudioVersion = 10.0.40219.1
Project("{FAE04EC0-301F-11D3-BF4B-00C04F79EFBC}") = "projekt-erettsegi", "projekt-erettsegi\projekt-erettsegi.csproj", "{76690AE1-F9E5-49DF-A154-7DC01AA2C886}"
EndProject
Global
	GlobalSection(SolutionConfigurationPlatforms) = preSolution
		Debug|Any CPU = Debug|Any CPU
		Release|Any CPU = Release|Any CPU
	EndGlobalSection
	GlobalSection(ProjectConfigurationPlatforms) = postSolution
		{76690AE1-F9E5-49DF-A154-7DC01AA2C886}.Debug|Any CPU.ActiveCfg = Debug|Any CPU
		{76690AE1-F9E5-49DF-A154-7DC01AA2C886}.Debug|Any CPU.Build.0 = Debug|Any CPU
		{76690AE1-F9E5-49DF-A154-7DC01AA2C886}.Release|Any CPU.ActiveCfg = Release|Any CPU
		{76690AE1-F9E5-49DF-A154-7DC01AA2C886}.Release|Any CPU.Build.0 = Release|Any CPU
	EndGlobalSection
	GlobalSection(SolutionProperties) = preSolution
		HideSolutionNode = FALSE
	EndGlobalSection
	GlobalSection(ExtensibilityGlobals) = postSolution
		SolutionGuid = {45142D04-69AF-4112-887E-1E24FD3CA306}
	EndGlobalSection
EndGlobal
