
Microsoft Visual Studio Solution File, Format Version 12.00
# Visual Studio Version 17
VisualStudioVersion = 17.5.33502.453
MinimumVisualStudioVersion = 10.0.40219.1
Project("{FAE04EC0-301F-11D3-BF4B-00C04F79EFBC}") = "Meterologia", "Meterologia\Meterologia.csproj", "{7B280ACF-5EA9-4F9A-B66B-0E664E26E80A}"
EndProject
Global
	GlobalSection(SolutionConfigurationPlatforms) = preSolution
		Debug|Any CPU = Debug|Any CPU
		Release|Any CPU = Release|Any CPU
	EndGlobalSection
	GlobalSection(ProjectConfigurationPlatforms) = postSolution
		{7B280ACF-5EA9-4F9A-B66B-0E664E26E80A}.Debug|Any CPU.ActiveCfg = Debug|Any CPU
		{7B280ACF-5EA9-4F9A-B66B-0E664E26E80A}.Debug|Any CPU.Build.0 = Debug|Any CPU
		{7B280ACF-5EA9-4F9A-B66B-0E664E26E80A}.Release|Any CPU.ActiveCfg = Release|Any CPU
		{7B280ACF-5EA9-4F9A-B66B-0E664E26E80A}.Release|Any CPU.Build.0 = Release|Any CPU
	EndGlobalSection
	GlobalSection(SolutionProperties) = preSolution
		HideSolutionNode = FALSE
	EndGlobalSection
	GlobalSection(ExtensibilityGlobals) = postSolution
		SolutionGuid = {E4FFF848-380E-434D-B770-25C4D5EF1E0A}
	EndGlobalSection
EndGlobal
