
Microsoft Visual Studio Solution File, Format Version 12.00
# Visual Studio Version 17
VisualStudioVersion = 17.3.32825.248
MinimumVisualStudioVersion = 10.0.40219.1
Project("{FAE04EC0-301F-11D3-BF4B-00C04F79EFBC}") = "film600-hazi", "film600-hazi\film600-hazi.csproj", "{74BE44EC-ED8B-4D3C-8904-5E3CC2CC10FF}"
EndProject
Global
	GlobalSection(SolutionConfigurationPlatforms) = preSolution
		Debug|Any CPU = Debug|Any CPU
		Release|Any CPU = Release|Any CPU
	EndGlobalSection
	GlobalSection(ProjectConfigurationPlatforms) = postSolution
		{74BE44EC-ED8B-4D3C-8904-5E3CC2CC10FF}.Debug|Any CPU.ActiveCfg = Debug|Any CPU
		{74BE44EC-ED8B-4D3C-8904-5E3CC2CC10FF}.Debug|Any CPU.Build.0 = Debug|Any CPU
		{74BE44EC-ED8B-4D3C-8904-5E3CC2CC10FF}.Release|Any CPU.ActiveCfg = Release|Any CPU
		{74BE44EC-ED8B-4D3C-8904-5E3CC2CC10FF}.Release|Any CPU.Build.0 = Release|Any CPU
	EndGlobalSection
	GlobalSection(SolutionProperties) = preSolution
		HideSolutionNode = FALSE
	EndGlobalSection
	GlobalSection(ExtensibilityGlobals) = postSolution
		SolutionGuid = {66042403-DC01-4774-B471-D2B54169ADCD}
	EndGlobalSection
EndGlobal
