
Microsoft Visual Studio Solution File, Format Version 12.00
# Visual Studio Version 17
VisualStudioVersion = 17.3.32825.248
MinimumVisualStudioVersion = 10.0.40219.1
Project("{FAE04EC0-301F-11D3-BF4B-00C04F79EFBC}") = "Belepok", "Belepok\Belepok.csproj", "{D76F7E11-97F1-4A3E-B5F0-FB288CB24A4C}"
EndProject
Global
	GlobalSection(SolutionConfigurationPlatforms) = preSolution
		Debug|Any CPU = Debug|Any CPU
		Release|Any CPU = Release|Any CPU
	EndGlobalSection
	GlobalSection(ProjectConfigurationPlatforms) = postSolution
		{D76F7E11-97F1-4A3E-B5F0-FB288CB24A4C}.Debug|Any CPU.ActiveCfg = Debug|Any CPU
		{D76F7E11-97F1-4A3E-B5F0-FB288CB24A4C}.Debug|Any CPU.Build.0 = Debug|Any CPU
		{D76F7E11-97F1-4A3E-B5F0-FB288CB24A4C}.Release|Any CPU.ActiveCfg = Release|Any CPU
		{D76F7E11-97F1-4A3E-B5F0-FB288CB24A4C}.Release|Any CPU.Build.0 = Release|Any CPU
	EndGlobalSection
	GlobalSection(SolutionProperties) = preSolution
		HideSolutionNode = FALSE
	EndGlobalSection
	GlobalSection(ExtensibilityGlobals) = postSolution
		SolutionGuid = {90D9BB49-1E65-49D7-8D1A-817A5EE5ABD0}
	EndGlobalSection
EndGlobal
