
Microsoft Visual Studio Solution File, Format Version 12.00
# Visual Studio Version 17
VisualStudioVersion = 17.3.32825.248
MinimumVisualStudioVersion = 10.0.40219.1
Project("{FAE04EC0-301F-11D3-BF4B-00C04F79EFBC}") = "WPFgyak2", "WPFgyak2\WPFgyak2.csproj", "{A334D742-C19E-456A-BDB9-18D2B7946E02}"
EndProject
Global
	GlobalSection(SolutionConfigurationPlatforms) = preSolution
		Debug|Any CPU = Debug|Any CPU
		Release|Any CPU = Release|Any CPU
	EndGlobalSection
	GlobalSection(ProjectConfigurationPlatforms) = postSolution
		{A334D742-C19E-456A-BDB9-18D2B7946E02}.Debug|Any CPU.ActiveCfg = Debug|Any CPU
		{A334D742-C19E-456A-BDB9-18D2B7946E02}.Debug|Any CPU.Build.0 = Debug|Any CPU
		{A334D742-C19E-456A-BDB9-18D2B7946E02}.Release|Any CPU.ActiveCfg = Release|Any CPU
		{A334D742-C19E-456A-BDB9-18D2B7946E02}.Release|Any CPU.Build.0 = Release|Any CPU
	EndGlobalSection
	GlobalSection(SolutionProperties) = preSolution
		HideSolutionNode = FALSE
	EndGlobalSection
	GlobalSection(ExtensibilityGlobals) = postSolution
		SolutionGuid = {DB2FAE9F-8942-4F39-9818-880D66D7D4F5}
	EndGlobalSection
EndGlobal
