
Microsoft Visual Studio Solution File, Format Version 12.00
# Visual Studio Version 17
VisualStudioVersion = 17.5.33502.453
MinimumVisualStudioVersion = 10.0.40219.1
Project("{FAE04EC0-301F-11D3-BF4B-00C04F79EFBC}") = "DebuggerDemo", "DebuggerDemo\DebuggerDemo.csproj", "{9FC0DD54-626D-430F-A971-1DB188A56134}"
EndProject
Global
	GlobalSection(SolutionConfigurationPlatforms) = preSolution
		Debug|Any CPU = Debug|Any CPU
		Release|Any CPU = Release|Any CPU
	EndGlobalSection
	GlobalSection(ProjectConfigurationPlatforms) = postSolution
		{9FC0DD54-626D-430F-A971-1DB188A56134}.Debug|Any CPU.ActiveCfg = Debug|Any CPU
		{9FC0DD54-626D-430F-A971-1DB188A56134}.Debug|Any CPU.Build.0 = Debug|Any CPU
		{9FC0DD54-626D-430F-A971-1DB188A56134}.Release|Any CPU.ActiveCfg = Release|Any CPU
		{9FC0DD54-626D-430F-A971-1DB188A56134}.Release|Any CPU.Build.0 = Release|Any CPU
	EndGlobalSection
	GlobalSection(SolutionProperties) = preSolution
		HideSolutionNode = FALSE
	EndGlobalSection
	GlobalSection(ExtensibilityGlobals) = postSolution
		SolutionGuid = {A6E45A3A-F784-4DA1-A92A-C8E89F7B2D69}
	EndGlobalSection
EndGlobal
