
Microsoft Visual Studio Solution File, Format Version 12.00
# Visual Studio Version 17
VisualStudioVersion = 17.3.32825.248
MinimumVisualStudioVersion = 10.0.40219.1
Project("{FAE04EC0-301F-11D3-BF4B-00C04F79EFBC}") = "eu-tagallamok", "eu-tagallamok\eu-tagallamok.csproj", "{AA91B394-3C1D-4073-975B-61E4F8F4CE24}"
EndProject
Global
	GlobalSection(SolutionConfigurationPlatforms) = preSolution
		Debug|Any CPU = Debug|Any CPU
		Release|Any CPU = Release|Any CPU
	EndGlobalSection
	GlobalSection(ProjectConfigurationPlatforms) = postSolution
		{AA91B394-3C1D-4073-975B-61E4F8F4CE24}.Debug|Any CPU.ActiveCfg = Debug|Any CPU
		{AA91B394-3C1D-4073-975B-61E4F8F4CE24}.Debug|Any CPU.Build.0 = Debug|Any CPU
		{AA91B394-3C1D-4073-975B-61E4F8F4CE24}.Release|Any CPU.ActiveCfg = Release|Any CPU
		{AA91B394-3C1D-4073-975B-61E4F8F4CE24}.Release|Any CPU.Build.0 = Release|Any CPU
	EndGlobalSection
	GlobalSection(SolutionProperties) = preSolution
		HideSolutionNode = FALSE
	EndGlobalSection
	GlobalSection(ExtensibilityGlobals) = postSolution
		SolutionGuid = {232391AD-CA02-4F63-829D-002BCCDB1598}
	EndGlobalSection
EndGlobal
