
Microsoft Visual Studio Solution File, Format Version 12.00
# Visual Studio Version 17
VisualStudioVersion = 17.5.33502.453
MinimumVisualStudioVersion = 10.0.40219.1
Project("{FAE04EC0-301F-11D3-BF4B-00C04F79EFBC}") = "IntelligensLetformakFeladat", "IntelligensLetformak\IntelligensLetformakFeladat.csproj", "{B618B00D-E0CE-4FCF-A36D-343E3F518DEA}"
EndProject
Global
	GlobalSection(SolutionConfigurationPlatforms) = preSolution
		Debug|Any CPU = Debug|Any CPU
		Release|Any CPU = Release|Any CPU
	EndGlobalSection
	GlobalSection(ProjectConfigurationPlatforms) = postSolution
		{B618B00D-E0CE-4FCF-A36D-343E3F518DEA}.Debug|Any CPU.ActiveCfg = Debug|Any CPU
		{B618B00D-E0CE-4FCF-A36D-343E3F518DEA}.Debug|Any CPU.Build.0 = Debug|Any CPU
		{B618B00D-E0CE-4FCF-A36D-343E3F518DEA}.Release|Any CPU.ActiveCfg = Release|Any CPU
		{B618B00D-E0CE-4FCF-A36D-343E3F518DEA}.Release|Any CPU.Build.0 = Release|Any CPU
	EndGlobalSection
	GlobalSection(SolutionProperties) = preSolution
		HideSolutionNode = FALSE
	EndGlobalSection
	GlobalSection(ExtensibilityGlobals) = postSolution
		SolutionGuid = {A6A881BC-9466-4F4E-A2DA-1EE453BB7872}
	EndGlobalSection
EndGlobal
