
Microsoft Visual Studio Solution File, Format Version 12.00
# Visual Studio Version 17
VisualStudioVersion = 17.5.33502.453
MinimumVisualStudioVersion = 10.0.40219.1
Project("{FAE04EC0-301F-11D3-BF4B-00C04F79EFBC}") = "WPF-BMI", "WPF-BMI\WPF-BMI.csproj", "{5997F3DA-6A67-493A-96FE-7D0EBB60EF59}"
EndProject
Global
	GlobalSection(SolutionConfigurationPlatforms) = preSolution
		Debug|Any CPU = Debug|Any CPU
		Release|Any CPU = Release|Any CPU
	EndGlobalSection
	GlobalSection(ProjectConfigurationPlatforms) = postSolution
		{5997F3DA-6A67-493A-96FE-7D0EBB60EF59}.Debug|Any CPU.ActiveCfg = Debug|Any CPU
		{5997F3DA-6A67-493A-96FE-7D0EBB60EF59}.Debug|Any CPU.Build.0 = Debug|Any CPU
		{5997F3DA-6A67-493A-96FE-7D0EBB60EF59}.Release|Any CPU.ActiveCfg = Release|Any CPU
		{5997F3DA-6A67-493A-96FE-7D0EBB60EF59}.Release|Any CPU.Build.0 = Release|Any CPU
	EndGlobalSection
	GlobalSection(SolutionProperties) = preSolution
		HideSolutionNode = FALSE
	EndGlobalSection
	GlobalSection(ExtensibilityGlobals) = postSolution
		SolutionGuid = {60C567E9-BDDF-4696-B570-BCD636CB8538}
	EndGlobalSection
EndGlobal
