
Microsoft Visual Studio Solution File, Format Version 12.00
# Visual Studio Version 17
VisualStudioVersion = 17.5.33502.453
MinimumVisualStudioVersion = 10.0.40219.1
Project("{FAE04EC0-301F-11D3-BF4B-00C04F79EFBC}") = "OscarDíj", "OscarDíj\OscarDíj.csproj", "{17B7A6E7-0F1F-4E98-87F9-CB3186D0756E}"
EndProject
Global
	GlobalSection(SolutionConfigurationPlatforms) = preSolution
		Debug|Any CPU = Debug|Any CPU
		Release|Any CPU = Release|Any CPU
	EndGlobalSection
	GlobalSection(ProjectConfigurationPlatforms) = postSolution
		{17B7A6E7-0F1F-4E98-87F9-CB3186D0756E}.Debug|Any CPU.ActiveCfg = Debug|Any CPU
		{17B7A6E7-0F1F-4E98-87F9-CB3186D0756E}.Debug|Any CPU.Build.0 = Debug|Any CPU
		{17B7A6E7-0F1F-4E98-87F9-CB3186D0756E}.Release|Any CPU.ActiveCfg = Release|Any CPU
		{17B7A6E7-0F1F-4E98-87F9-CB3186D0756E}.Release|Any CPU.Build.0 = Release|Any CPU
	EndGlobalSection
	GlobalSection(SolutionProperties) = preSolution
		HideSolutionNode = FALSE
	EndGlobalSection
	GlobalSection(ExtensibilityGlobals) = postSolution
		SolutionGuid = {F2778761-B296-4B12-9E64-6C50904327B3}
	EndGlobalSection
EndGlobal
