
Microsoft Visual Studio Solution File, Format Version 12.00
# Visual Studio Version 17
VisualStudioVersion = 17.5.33502.453
MinimumVisualStudioVersion = 10.0.40219.1
Project("{FAE04EC0-301F-11D3-BF4B-00C04F79EFBC}") = "RGB-szinek", "RGB-szinek\RGB-szinek.csproj", "{67DAFD96-183C-41FE-891A-3167D72D0C61}"
EndProject
Global
	GlobalSection(SolutionConfigurationPlatforms) = preSolution
		Debug|Any CPU = Debug|Any CPU
		Release|Any CPU = Release|Any CPU
	EndGlobalSection
	GlobalSection(ProjectConfigurationPlatforms) = postSolution
		{67DAFD96-183C-41FE-891A-3167D72D0C61}.Debug|Any CPU.ActiveCfg = Debug|Any CPU
		{67DAFD96-183C-41FE-891A-3167D72D0C61}.Debug|Any CPU.Build.0 = Debug|Any CPU
		{67DAFD96-183C-41FE-891A-3167D72D0C61}.Release|Any CPU.ActiveCfg = Release|Any CPU
		{67DAFD96-183C-41FE-891A-3167D72D0C61}.Release|Any CPU.Build.0 = Release|Any CPU
	EndGlobalSection
	GlobalSection(SolutionProperties) = preSolution
		HideSolutionNode = FALSE
	EndGlobalSection
	GlobalSection(ExtensibilityGlobals) = postSolution
		SolutionGuid = {7E02226E-1DFC-444C-8DFD-759B4BFF8DDD}
	EndGlobalSection
EndGlobal
