
Microsoft Visual Studio Solution File, Format Version 12.00
# Visual Studio Version 17
VisualStudioVersion = 17.3.32825.248
MinimumVisualStudioVersion = 10.0.40219.1
Project("{FAE04EC0-301F-11D3-BF4B-00C04F79EFBC}") = "akasztofa", "akasztofa\akasztofa.csproj", "{6A4618EB-66FF-4E28-84C7-6A9A67516EDC}"
EndProject
Global
	GlobalSection(SolutionConfigurationPlatforms) = preSolution
		Debug|Any CPU = Debug|Any CPU
		Release|Any CPU = Release|Any CPU
	EndGlobalSection
	GlobalSection(ProjectConfigurationPlatforms) = postSolution
		{6A4618EB-66FF-4E28-84C7-6A9A67516EDC}.Debug|Any CPU.ActiveCfg = Debug|Any CPU
		{6A4618EB-66FF-4E28-84C7-6A9A67516EDC}.Debug|Any CPU.Build.0 = Debug|Any CPU
		{6A4618EB-66FF-4E28-84C7-6A9A67516EDC}.Release|Any CPU.ActiveCfg = Release|Any CPU
		{6A4618EB-66FF-4E28-84C7-6A9A67516EDC}.Release|Any CPU.Build.0 = Release|Any CPU
	EndGlobalSection
	GlobalSection(SolutionProperties) = preSolution
		HideSolutionNode = FALSE
	EndGlobalSection
	GlobalSection(ExtensibilityGlobals) = postSolution
		SolutionGuid = {DAE8EE8E-CD60-4FCE-ADE2-E5F7E6FEA9A5}
	EndGlobalSection
EndGlobal
