
Microsoft Visual Studio Solution File, Format Version 12.00
# Visual Studio Version 17
VisualStudioVersion = 17.5.33502.453
MinimumVisualStudioVersion = 10.0.40219.1
Project("{FAE04EC0-301F-11D3-BF4B-00C04F79EFBC}") = "Gyogynovenyek", "Gyogynovenyek\Gyogynovenyek.csproj", "{8FF57ED8-A795-4102-B83F-5771A8715177}"
EndProject
Global
	GlobalSection(SolutionConfigurationPlatforms) = preSolution
		Debug|Any CPU = Debug|Any CPU
		Release|Any CPU = Release|Any CPU
	EndGlobalSection
	GlobalSection(ProjectConfigurationPlatforms) = postSolution
		{8FF57ED8-A795-4102-B83F-5771A8715177}.Debug|Any CPU.ActiveCfg = Debug|Any CPU
		{8FF57ED8-A795-4102-B83F-5771A8715177}.Debug|Any CPU.Build.0 = Debug|Any CPU
		{8FF57ED8-A795-4102-B83F-5771A8715177}.Release|Any CPU.ActiveCfg = Release|Any CPU
		{8FF57ED8-A795-4102-B83F-5771A8715177}.Release|Any CPU.Build.0 = Release|Any CPU
	EndGlobalSection
	GlobalSection(SolutionProperties) = preSolution
		HideSolutionNode = FALSE
	EndGlobalSection
	GlobalSection(ExtensibilityGlobals) = postSolution
		SolutionGuid = {5A122B3D-E6A5-4EBE-ADEF-7E134D6D1B20}
	EndGlobalSection
EndGlobal
