
Microsoft Visual Studio Solution File, Format Version 12.00
# Visual Studio Version 17
VisualStudioVersion = 17.5.33502.453
MinimumVisualStudioVersion = 10.0.40219.1
Project("{FAE04EC0-301F-11D3-BF4B-00C04F79EFBC}") = "MemoriaJatekAllatok", "MemoriaJatekAllatok\MemoriaJatekAllatok.csproj", "{932DEACD-141D-4641-8C24-F495D200220E}"
EndProject
Global
	GlobalSection(SolutionConfigurationPlatforms) = preSolution
		Debug|Any CPU = Debug|Any CPU
		Release|Any CPU = Release|Any CPU
	EndGlobalSection
	GlobalSection(ProjectConfigurationPlatforms) = postSolution
		{932DEACD-141D-4641-8C24-F495D200220E}.Debug|Any CPU.ActiveCfg = Debug|Any CPU
		{932DEACD-141D-4641-8C24-F495D200220E}.Debug|Any CPU.Build.0 = Debug|Any CPU
		{932DEACD-141D-4641-8C24-F495D200220E}.Release|Any CPU.ActiveCfg = Release|Any CPU
		{932DEACD-141D-4641-8C24-F495D200220E}.Release|Any CPU.Build.0 = Release|Any CPU
	EndGlobalSection
	GlobalSection(SolutionProperties) = preSolution
		HideSolutionNode = FALSE
	EndGlobalSection
	GlobalSection(ExtensibilityGlobals) = postSolution
		SolutionGuid = {4A248872-9331-46AC-855A-9CB38A7C53E6}
	EndGlobalSection
EndGlobal
